
Microsoft Visual Studio Solution File, Format Version 10.00
# Visual Studio 2008
Project("{FAE04EC0-301F-11D3-BF4B-00C04F79EFBC}") = "EmailApiSnapIn", "EmailApiSnapIn\EmailApiSnapIn.csproj", "{6693F44C-4F59-437F-BD5A-3F97CA07800D}"
EndProject
Project("{FAE04EC0-301F-11D3-BF4B-00C04F79EFBC}") = "EmailApiSnapInTests", "EmailApiSnapInTests\EmailApiSnapInTests.csproj", "{8B6C78CD-936C-4A48-B25A-34EA53FC28B2}"
EndProject
Global
	GlobalSection(SolutionConfigurationPlatforms) = preSolution
		Debug|Any CPU = Debug|Any CPU
		Release|Any CPU = Release|Any CPU
	EndGlobalSection
	GlobalSection(ProjectConfigurationPlatforms) = postSolution
		{6693F44C-4F59-437F-BD5A-3F97CA07800D}.Debug|Any CPU.ActiveCfg = Debug|Any CPU
		{6693F44C-4F59-437F-BD5A-3F97CA07800D}.Debug|Any CPU.Build.0 = Debug|Any CPU
		{6693F44C-4F59-437F-BD5A-3F97CA07800D}.Release|Any CPU.ActiveCfg = Release|Any CPU
		{6693F44C-4F59-437F-BD5A-3F97CA07800D}.Release|Any CPU.Build.0 = Release|Any CPU
		{8B6C78CD-936C-4A48-B25A-34EA53FC28B2}.Debug|Any CPU.ActiveCfg = Debug|Any CPU
		{8B6C78CD-936C-4A48-B25A-34EA53FC28B2}.Debug|Any CPU.Build.0 = Debug|Any CPU
		{8B6C78CD-936C-4A48-B25A-34EA53FC28B2}.Release|Any CPU.ActiveCfg = Release|Any CPU
		{8B6C78CD-936C-4A48-B25A-34EA53FC28B2}.Release|Any CPU.Build.0 = Release|Any CPU
	EndGlobalSection
	GlobalSection(SolutionProperties) = preSolution
		HideSolutionNode = FALSE
	EndGlobalSection
EndGlobal
